// !$*UTF8*$!
{
	archiveVersion = 1;
	classes = {
	};
	objectVersion = 55;
	objects = {

/* Begin PBXBuildFile section */
		C2EDD01A27EC662100E2EB6B /* AppDelegate.swift in Sources */ = {isa = PBXBuildFile; fileRef = C2EDD01927EC662100E2EB6B /* AppDelegate.swift */; };
		C2EDD01C27EC662100E2EB6B /* SceneDelegate.swift in Sources */ = {isa = PBXBuildFile; fileRef = C2EDD01B27EC662100E2EB6B /* SceneDelegate.swift */; };
		C2EDD01E27EC662100E2EB6B /* ViewController.swift in Sources */ = {isa = PBXBuildFile; fileRef = C2EDD01D27EC662100E2EB6B /* ViewController.swift */; };
		C2EDD02127EC662100E2EB6B /* Main.storyboard in Resources */ = {isa = PBXBuildFile; fileRef = C2EDD01F27EC662100E2EB6B /* Main.storyboard */; };
		C2EDD02327EC662200E2EB6B /* Assets.xcassets in Resources */ = {isa = PBXBuildFile; fileRef = C2EDD02227EC662200E2EB6B /* Assets.xcassets */; };
		C2EDD02627EC662200E2EB6B /* LaunchScreen.storyboard in Resources */ = {isa = PBXBuildFile; fileRef = C2EDD02427EC662200E2EB6B /* LaunchScreen.storyboard */; };
		C2EDD03127EC662200E2EB6B /* BrandiTests.swift in Sources */ = {isa = PBXBuildFile; fileRef = C2EDD03027EC662200E2EB6B /* BrandiTests.swift */; };
		C2EDD03B27EC662200E2EB6B /* BrandiUITests.swift in Sources */ = {isa = PBXBuildFile; fileRef = C2EDD03A27EC662200E2EB6B /* BrandiUITests.swift */; };
		C2EDD03D27EC662200E2EB6B /* BrandiUITestsLaunchTests.swift in Sources */ = {isa = PBXBuildFile; fileRef = C2EDD03C27EC662200E2EB6B /* BrandiUITestsLaunchTests.swift */; };
/* End PBXBuildFile section */

/* Begin PBXContainerItemProxy section */
		C2EDD02D27EC662200E2EB6B /* PBXContainerItemProxy */ = {
			isa = PBXContainerItemProxy;
			containerPortal = C2EDD00E27EC662100E2EB6B /* Project object */;
			proxyType = 1;
			remoteGlobalIDString = C2EDD01527EC662100E2EB6B;
			remoteInfo = Brandi;
		};
		C2EDD03727EC662200E2EB6B /* PBXContainerItemProxy */ = {
			isa = PBXContainerItemProxy;
			containerPortal = C2EDD00E27EC662100E2EB6B /* Project object */;
			proxyType = 1;
			remoteGlobalIDString = C2EDD01527EC662100E2EB6B;
			remoteInfo = Brandi;
		};
/* End PBXContainerItemProxy section */

/* Begin PBXFileReference section */
		C2EDD01627EC662100E2EB6B /* Brandi.app */ = {isa = PBXFileReference; explicitFileType = wrapper.application; includeInIndex = 0; path = Brandi.app; sourceTree = BUILT_PRODUCTS_DIR; };
		C2EDD01927EC662100E2EB6B /* AppDelegate.swift */ = {isa = PBXFileReference; lastKnownFileType = sourcecode.swift; path = AppDelegate.swift; sourceTree = "<group>"; };
		C2EDD01B27EC662100E2EB6B /* SceneDelegate.swift */ = {isa = PBXFileReference; lastKnownFileType = sourcecode.swift; path = SceneDelegate.swift; sourceTree = "<group>"; };
		C2EDD01D27EC662100E2EB6B /* ViewController.swift */ = {isa = PBXFileReference; lastKnownFileType = sourcecode.swift; path = ViewController.swift; sourceTree = "<group>"; };
		C2EDD02027EC662100E2EB6B /* Base */ = {isa = PBXFileReference; lastKnownFileType = file.storyboard; name = Base; path = Base.lproj/Main.storyboard; sourceTree = "<group>"; };
		C2EDD02227EC662200E2EB6B /* Assets.xcassets */ = {isa = PBXFileReference; lastKnownFileType = folder.assetcatalog; path = Assets.xcassets; sourceTree = "<group>"; };
		C2EDD02527EC662200E2EB6B /* Base */ = {isa = PBXFileReference; lastKnownFileType = file.storyboard; name = Base; path = Base.lproj/LaunchScreen.storyboard; sourceTree = "<group>"; };
		C2EDD02727EC662200E2EB6B /* Info.plist */ = {isa = PBXFileReference; lastKnownFileType = text.plist.xml; path = Info.plist; sourceTree = "<group>"; };
		C2EDD02C27EC662200E2EB6B /* BrandiTests.xctest */ = {isa = PBXFileReference; explicitFileType = wrapper.cfbundle; includeInIndex = 0; path = BrandiTests.xctest; sourceTree = BUILT_PRODUCTS_DIR; };
		C2EDD03027EC662200E2EB6B /* BrandiTests.swift */ = {isa = PBXFileReference; lastKnownFileType = sourcecode.swift; path = BrandiTests.swift; sourceTree = "<group>"; };
		C2EDD03627EC662200E2EB6B /* BrandiUITests.xctest */ = {isa = PBXFileReference; explicitFileType = wrapper.cfbundle; includeInIndex = 0; path = BrandiUITests.xctest; sourceTree = BUILT_PRODUCTS_DIR; };
		C2EDD03A27EC662200E2EB6B /* BrandiUITests.swift */ = {isa = PBXFileReference; lastKnownFileType = sourcecode.swift; path = BrandiUITests.swift; sourceTree = "<group>"; };
		C2EDD03C27EC662200E2EB6B /* BrandiUITestsLaunchTests.swift */ = {isa = PBXFileReference; lastKnownFileType = sourcecode.swift; path = BrandiUITestsLaunchTests.swift; sourceTree = "<group>"; };
/* End PBXFileReference section */

/* Begin PBXFrameworksBuildPhase section */
		C2EDD01327EC662100E2EB6B /* Frameworks */ = {
			isa = PBXFrameworksBuildPhase;
			buildActionMask = 2147483647;
			files = (
			);
			runOnlyForDeploymentPostprocessing = 0;
		};
		C2EDD02927EC662200E2EB6B /* Frameworks */ = {
			isa = PBXFrameworksBuildPhase;
			buildActionMask = 2147483647;
			files = (
			);
			runOnlyForDeploymentPostprocessing = 0;
		};
		C2EDD03327EC662200E2EB6B /* Frameworks */ = {
			isa = PBXFrameworksBuildPhase;
			buildActionMask = 2147483647;
			files = (
			);
			runOnlyForDeploymentPostprocessing = 0;
		};
/* End PBXFrameworksBuildPhase section */

/* Begin PBXGroup section */
		C2EDD00D27EC662100E2EB6B = {
			isa = PBXGroup;
			children = (
				C2EDD01827EC662100E2EB6B /* Brandi */,
				C2EDD02F27EC662200E2EB6B /* BrandiTests */,
				C2EDD03927EC662200E2EB6B /* BrandiUITests */,
				C2EDD01727EC662100E2EB6B /* Products */,
			);
			sourceTree = "<group>";
		};
		C2EDD01727EC662100E2EB6B /* Products */ = {
			isa = PBXGroup;
			children = (
				C2EDD01627EC662100E2EB6B /* Brandi.app */,
				C2EDD02C27EC662200E2EB6B /* BrandiTests.xctest */,
				C2EDD03627EC662200E2EB6B /* BrandiUITests.xctest */,
			);
			name = Products;
			sourceTree = "<group>";
		};
		C2EDD01827EC662100E2EB6B /* Brandi */ = {
			isa = PBXGroup;
			children = (
				C2EDD01927EC662100E2EB6B /* AppDelegate.swift */,
				C2EDD01B27EC662100E2EB6B /* SceneDelegate.swift */,
				C2EDD01D27EC662100E2EB6B /* ViewController.swift */,
				C2EDD01F27EC662100E2EB6B /* Main.storyboard */,
				C2EDD02227EC662200E2EB6B /* Assets.xcassets */,
				C2EDD02427EC662200E2EB6B /* LaunchScreen.storyboard */,
				C2EDD02727EC662200E2EB6B /* Info.plist */,
			);
			path = Brandi;
			sourceTree = "<group>";
		};
		C2EDD02F27EC662200E2EB6B /* BrandiTests */ = {
			isa = PBXGroup;
			children = (
				C2EDD03027EC662200E2EB6B /* BrandiTests.swift */,
			);
			path = BrandiTests;
			sourceTree = "<group>";
		};
		C2EDD03927EC662200E2EB6B /* BrandiUITests */ = {
			isa = PBXGroup;
			children = (
				C2EDD03A27EC662200E2EB6B /* BrandiUITests.swift */,
				C2EDD03C27EC662200E2EB6B /* BrandiUITestsLaunchTests.swift */,
			);
			path = BrandiUITests;
			sourceTree = "<group>";
		};
/* End PBXGroup section */

/* Begin PBXNativeTarget section */
		C2EDD01527EC662100E2EB6B /* Brandi */ = {
			isa = PBXNativeTarget;
			buildConfigurationList = C2EDD04027EC662200E2EB6B /* Build configuration list for PBXNativeTarget "Brandi" */;
			buildPhases = (
				C2EDD01227EC662100E2EB6B /* Sources */,
				C2EDD01327EC662100E2EB6B /* Frameworks */,
				C2EDD01427EC662100E2EB6B /* Resources */,
			);
			buildRules = (
			);
			dependencies = (
			);
			name = Brandi;
			productName = Brandi;
			productReference = C2EDD01627EC662100E2EB6B /* Brandi.app */;
			productType = "com.apple.product-type.application";
		};
		C2EDD02B27EC662200E2EB6B /* BrandiTests */ = {
			isa = PBXNativeTarget;
			buildConfigurationList = C2EDD04327EC662200E2EB6B /* Build configuration list for PBXNativeTarget "BrandiTests" */;
			buildPhases = (
				C2EDD02827EC662200E2EB6B /* Sources */,
				C2EDD02927EC662200E2EB6B /* Frameworks */,
				C2EDD02A27EC662200E2EB6B /* Resources */,
			);
			buildRules = (
			);
			dependencies = (
				C2EDD02E27EC662200E2EB6B /* PBXTargetDependency */,
			);
			name = BrandiTests;
			productName = BrandiTests;
			productReference = C2EDD02C27EC662200E2EB6B /* BrandiTests.xctest */;
			productType = "com.apple.product-type.bundle.unit-test";
		};
		C2EDD03527EC662200E2EB6B /* BrandiUITests */ = {
			isa = PBXNativeTarget;
			buildConfigurationList = C2EDD04627EC662200E2EB6B /* Build configuration list for PBXNativeTarget "BrandiUITests" */;
			buildPhases = (
				C2EDD03227EC662200E2EB6B /* Sources */,
				C2EDD03327EC662200E2EB6B /* Frameworks */,
				C2EDD03427EC662200E2EB6B /* Resources */,
			);
			buildRules = (
			);
			dependencies = (
				C2EDD03827EC662200E2EB6B /* PBXTargetDependency */,
			);
			name = BrandiUITests;
			productName = BrandiUITests;
			productReference = C2EDD03627EC662200E2EB6B /* BrandiUITests.xctest */;
			productType = "com.apple.product-type.bundle.ui-testing";
		};
/* End PBXNativeTarget section */

/* Begin PBXProject section */
		C2EDD00E27EC662100E2EB6B /* Project object */ = {
			isa = PBXProject;
			attributes = {
				BuildIndependentTargetsInParallel = 1;
				LastSwiftUpdateCheck = 1320;
				LastUpgradeCheck = 1320;
				TargetAttributes = {
					C2EDD01527EC662100E2EB6B = {
						CreatedOnToolsVersion = 13.2.1;
					};
					C2EDD02B27EC662200E2EB6B = {
						CreatedOnToolsVersion = 13.2.1;
						TestTargetID = C2EDD01527EC662100E2EB6B;
					};
					C2EDD03527EC662200E2EB6B = {
						CreatedOnToolsVersion = 13.2.1;
						TestTargetID = C2EDD01527EC662100E2EB6B;
					};
				};
			};
			buildConfigurationList = C2EDD01127EC662100E2EB6B /* Build configuration list for PBXProject "Brandi" */;
			compatibilityVersion = "Xcode 13.0";
			developmentRegion = en;
			hasScannedForEncodings = 0;
			knownRegions = (
				en,
				Base,
			);
			mainGroup = C2EDD00D27EC662100E2EB6B;
			productRefGroup = C2EDD01727EC662100E2EB6B /* Products */;
			projectDirPath = "";
			projectRoot = "";
			targets = (
				C2EDD01527EC662100E2EB6B /* Brandi */,
				C2EDD02B27EC662200E2EB6B /* BrandiTests */,
				C2EDD03527EC662200E2EB6B /* BrandiUITests */,
			);
		};
/* End PBXProject section */

/* Begin PBXResourcesBuildPhase section */
		C2EDD01427EC662100E2EB6B /* Resources */ = {
			isa = PBXResourcesBuildPhase;
			buildActionMask = 2147483647;
			files = (
				C2EDD02627EC662200E2EB6B /* LaunchScreen.storyboard in Resources */,
				C2EDD02327EC662200E2EB6B /* Assets.xcassets in Resources */,
				C2EDD02127EC662100E2EB6B /* Main.storyboard in Resources */,
			);
			runOnlyForDeploymentPostprocessing = 0;
		};
		C2EDD02A27EC662200E2EB6B /* Resources */ = {
			isa = PBXResourcesBuildPhase;
			buildActionMask = 2147483647;
			files = (
			);
			runOnlyForDeploymentPostprocessing = 0;
		};
		C2EDD03427EC662200E2EB6B /* Resources */ = {
			isa = PBXResourcesBuildPhase;
			buildActionMask = 2147483647;
			files = (
			);
			runOnlyForDeploymentPostprocessing = 0;
		};
/* End PBXResourcesBuildPhase section */

/* Begin PBXSourcesBuildPhase section */
		C2EDD01227EC662100E2EB6B /* Sources */ = {
			isa = PBXSourcesBuildPhase;
			buildActionMask = 2147483647;
			files = (
				C2EDD01E27EC662100E2EB6B /* ViewController.swift in Sources */,
				C2EDD01A27EC662100E2EB6B /* AppDelegate.swift in Sources */,
				C2EDD01C27EC662100E2EB6B /* SceneDelegate.swift in Sources */,
			);
			runOnlyForDeploymentPostprocessing = 0;
		};
		C2EDD02827EC662200E2EB6B /* Sources */ = {
			isa = PBXSourcesBuildPhase;
			buildActionMask = 2147483647;
			files = (
				C2EDD03127EC662200E2EB6B /* BrandiTests.swift in Sources */,
			);
			runOnlyForDeploymentPostprocessing = 0;
		};
		C2EDD03227EC662200E2EB6B /* Sources */ = {
			isa = PBXSourcesBuildPhase;
			buildActionMask = 2147483647;
			files = (
				C2EDD03D27EC662200E2EB6B /* BrandiUITestsLaunchTests.swift in Sources */,
				C2EDD03B27EC662200E2EB6B /* BrandiUITests.swift in Sources */,
			);
			runOnlyForDeploymentPostprocessing = 0;
		};
/* End PBXSourcesBuildPhase section */

/* Begin PBXTargetDependency section */
		C2EDD02E27EC662200E2EB6B /* PBXTargetDependency */ = {
			isa = PBXTargetDependency;
			target = C2EDD01527EC662100E2EB6B /* Brandi */;
			targetProxy = C2EDD02D27EC662200E2EB6B /* PBXContainerItemProxy */;
		};
		C2EDD03827EC662200E2EB6B /* PBXTargetDependency */ = {
			isa = PBXTargetDependency;
			target = C2EDD01527EC662100E2EB6B /* Brandi */;
			targetProxy = C2EDD03727EC662200E2EB6B /* PBXContainerItemProxy */;
		};
/* End PBXTargetDependency section */

/* Begin PBXVariantGroup section */
		C2EDD01F27EC662100E2EB6B /* Main.storyboard */ = {
			isa = PBXVariantGroup;
			children = (
				C2EDD02027EC662100E2EB6B /* Base */,
			);
			name = Main.storyboard;
			sourceTree = "<group>";
		};
		C2EDD02427EC662200E2EB6B /* LaunchScreen.storyboard */ = {
			isa = PBXVariantGroup;
			children = (
				C2EDD02527EC662200E2EB6B /* Base */,
			);
			name = LaunchScreen.storyboard;
			sourceTree = "<group>";
		};
/* End PBXVariantGroup section */

/* Begin XCBuildConfiguration section */
		C2EDD03E27EC662200E2EB6B /* Debug */ = {
			isa = XCBuildConfiguration;
			buildSettings = {
				ALWAYS_SEARCH_USER_PATHS = NO;
				CLANG_ANALYZER_NONNULL = YES;
				CLANG_ANALYZER_NUMBER_OBJECT_CONVERSION = YES_AGGRESSIVE;
				CLANG_CXX_LANGUAGE_STANDARD = "gnu++17";
				CLANG_CXX_LIBRARY = "libc++";
				CLANG_ENABLE_MODULES = YES;
				CLANG_ENABLE_OBJC_ARC = YES;
				CLANG_ENABLE_OBJC_WEAK = YES;
				CLANG_WARN_BLOCK_CAPTURE_AUTORELEASING = YES;
				CLANG_WARN_BOOL_CONVERSION = YES;
				CLANG_WARN_COMMA = YES;
				CLANG_WARN_CONSTANT_CONVERSION = YES;
				CLANG_WARN_DEPRECATED_OBJC_IMPLEMENTATIONS = YES;
				CLANG_WARN_DIRECT_OBJC_ISA_USAGE = YES_ERROR;
				CLANG_WARN_DOCUMENTATION_COMMENTS = YES;
				CLANG_WARN_EMPTY_BODY = YES;
				CLANG_WARN_ENUM_CONVERSION = YES;
				CLANG_WARN_INFINITE_RECURSION = YES;
				CLANG_WARN_INT_CONVERSION = YES;
				CLANG_WARN_NON_LITERAL_NULL_CONVERSION = YES;
				CLANG_WARN_OBJC_IMPLICIT_RETAIN_SELF = YES;
				CLANG_WARN_OBJC_LITERAL_CONVERSION = YES;
				CLANG_WARN_OBJC_ROOT_CLASS = YES_ERROR;
				CLANG_WARN_QUOTED_INCLUDE_IN_FRAMEWORK_HEADER = YES;
				CLANG_WARN_RANGE_LOOP_ANALYSIS = YES;
				CLANG_WARN_STRICT_PROTOTYPES = YES;
				CLANG_WARN_SUSPICIOUS_MOVE = YES;
				CLANG_WARN_UNGUARDED_AVAILABILITY = YES_AGGRESSIVE;
				CLANG_WARN_UNREACHABLE_CODE = YES;
				CLANG_WARN__DUPLICATE_METHOD_MATCH = YES;
				COPY_PHASE_STRIP = NO;
				DEBUG_INFORMATION_FORMAT = dwarf;
				ENABLE_STRICT_OBJC_MSGSEND = YES;
				ENABLE_TESTABILITY = YES;
				GCC_C_LANGUAGE_STANDARD = gnu11;
				GCC_DYNAMIC_NO_PIC = NO;
				GCC_NO_COMMON_BLOCKS = YES;
				GCC_OPTIMIZATION_LEVEL = 0;
				GCC_PREPROCESSOR_DEFINITIONS = (
					"DEBUG=1",
					"$(inherited)",
				);
				GCC_WARN_64_TO_32_BIT_CONVERSION = YES;
				GCC_WARN_ABOUT_RETURN_TYPE = YES_ERROR;
				GCC_WARN_UNDECLARED_SELECTOR = YES;
				GCC_WARN_UNINITIALIZED_AUTOS = YES_AGGRESSIVE;
				GCC_WARN_UNUSED_FUNCTION = YES;
				GCC_WARN_UNUSED_VARIABLE = YES;
				IPHONEOS_DEPLOYMENT_TARGET = 15.2;
				MTL_ENABLE_DEBUG_INFO = INCLUDE_SOURCE;
				MTL_FAST_MATH = YES;
				ONLY_ACTIVE_ARCH = YES;
				SDKROOT = iphoneos;
				SWIFT_ACTIVE_COMPILATION_CONDITIONS = DEBUG;
				SWIFT_OPTIMIZATION_LEVEL = "-Onone";
			};
			name = Debug;
		};
		C2EDD03F27EC662200E2EB6B /* Release */ = {
			isa = XCBuildConfiguration;
			buildSettings = {
				ALWAYS_SEARCH_USER_PATHS = NO;
				CLANG_ANALYZER_NONNULL = YES;
				CLANG_ANALYZER_NUMBER_OBJECT_CONVERSION = YES_AGGRESSIVE;
				CLANG_CXX_LANGUAGE_STANDARD = "gnu++17";
				CLANG_CXX_LIBRARY = "libc++";
				CLANG_ENABLE_MODULES = YES;
				CLANG_ENABLE_OBJC_ARC = YES;
				CLANG_ENABLE_OBJC_WEAK = YES;
				CLANG_WARN_BLOCK_CAPTURE_AUTORELEASING = YES;
				CLANG_WARN_BOOL_CONVERSION = YES;
				CLANG_WARN_COMMA = YES;
				CLANG_WARN_CONSTANT_CONVERSION = YES;
				CLANG_WARN_DEPRECATED_OBJC_IMPLEMENTATIONS = YES;
				CLANG_WARN_DIRECT_OBJC_ISA_USAGE = YES_ERROR;
				CLANG_WARN_DOCUMENTATION_COMMENTS = YES;
				CLANG_WARN_EMPTY_BODY = YES;
				CLANG_WARN_ENUM_CONVERSION = YES;
				CLANG_WARN_INFINITE_RECURSION = YES;
				CLANG_WARN_INT_CONVERSION = YES;
				CLANG_WARN_NON_LITERAL_NULL_CONVERSION = YES;
				CLANG_WARN_OBJC_IMPLICIT_RETAIN_SELF = YES;
				CLANG_WARN_OBJC_LITERAL_CONVERSION = YES;
				CLANG_WARN_OBJC_ROOT_CLASS = YES_ERROR;
				CLANG_WARN_QUOTED_INCLUDE_IN_FRAMEWORK_HEADER = YES;
				CLANG_WARN_RANGE_LOOP_ANALYSIS = YES;
				CLANG_WARN_STRICT_PROTOTYPES = YES;
				CLANG_WARN_SUSPICIOUS_MOVE = YES;
				CLANG_WARN_UNGUARDED_AVAILABILITY = YES_AGGRESSIVE;
				CLANG_WARN_UNREACHABLE_CODE = YES;
				CLANG_WARN__DUPLICATE_METHOD_MATCH = YES;
				COPY_PHASE_STRIP = NO;
				DEBUG_INFORMATION_FORMAT = "dwarf-with-dsym";
				ENABLE_NS_ASSERTIONS = NO;
				ENABLE_STRICT_OBJC_MSGSEND = YES;
				GCC_C_LANGUAGE_STANDARD = gnu11;
				GCC_NO_COMMON_BLOCKS = YES;
				GCC_WARN_64_TO_32_BIT_CONVERSION = YES;
				GCC_WARN_ABOUT_RETURN_TYPE = YES_ERROR;
				GCC_WARN_UNDECLARED_SELECTOR = YES;
				GCC_WARN_UNINITIALIZED_AUTOS = YES_AGGRESSIVE;
				GCC_WARN_UNUSED_FUNCTION = YES;
				GCC_WARN_UNUSED_VARIABLE = YES;
				IPHONEOS_DEPLOYMENT_TARGET = 15.2;
				MTL_ENABLE_DEBUG_INFO = NO;
				MTL_FAST_MATH = YES;
				SDKROOT = iphoneos;
				SWIFT_COMPILATION_MODE = wholemodule;
				SWIFT_OPTIMIZATION_LEVEL = "-O";
				VALIDATE_PRODUCT = YES;
			};
			name = Release;
		};
		C2EDD04127EC662200E2EB6B /* Debug */ = {
			isa = XCBuildConfiguration;
			buildSettings = {
				ASSETCATALOG_COMPILER_APPICON_NAME = AppIcon;
				ASSETCATALOG_COMPILER_GLOBAL_ACCENT_COLOR_NAME = AccentColor;
				CODE_SIGN_STYLE = Automatic;
				CURRENT_PROJECT_VERSION = 1;
				DEVELOPMENT_TEAM = H3V637RY5A;
				GENERATE_INFOPLIST_FILE = YES;
				INFOPLIST_FILE = Brandi/Info.plist;
				INFOPLIST_KEY_UIApplicationSupportsIndirectInputEvents = YES;
				INFOPLIST_KEY_UILaunchStoryboardName = LaunchScreen;
				INFOPLIST_KEY_UIMainStoryboardFile = Main;
				INFOPLIST_KEY_UISupportedInterfaceOrientations_iPad = "UIInterfaceOrientationPortrait UIInterfaceOrientationPortraitUpsideDown UIInterfaceOrientationLandscapeLeft UIInterfaceOrientationLandscapeRight";
				INFOPLIST_KEY_UISupportedInterfaceOrientations_iPhone = "UIInterfaceOrientationPortrait UIInterfaceOrientationLandscapeLeft UIInterfaceOrientationLandscapeRight";
				IPHONEOS_DEPLOYMENT_TARGET = 13.0;
				LD_RUNPATH_SEARCH_PATHS = (
					"$(inherited)",
					"@executable_path/Frameworks",
				);
				MARKETING_VERSION = 1.0;
				PRODUCT_BUNDLE_IDENTIFIER = kr.yeonpark.Brandi;
				PRODUCT_NAME = "$(TARGET_NAME)";
				SWIFT_EMIT_LOC_STRINGS = YES;
				SWIFT_VERSION = 5.0;
				TARGETED_DEVICE_FAMILY = 1;
			};
			name = Debug;
		};
		C2EDD04227EC662200E2EB6B /* Release */ = {
			isa = XCBuildConfiguration;
			buildSettings = {
				ASSETCATALOG_COMPILER_APPICON_NAME = AppIcon;
				ASSETCATALOG_COMPILER_GLOBAL_ACCENT_COLOR_NAME = AccentColor;
				CODE_SIGN_STYLE = Automatic;
				CURRENT_PROJECT_VERSION = 1;
				DEVELOPMENT_TEAM = H3V637RY5A;
				GENERATE_INFOPLIST_FILE = YES;
				INFOPLIST_FILE = Brandi/Info.plist;
				INFOPLIST_KEY_UIApplicationSupportsIndirectInputEvents = YES;
				INFOPLIST_KEY_UILaunchStoryboardName = LaunchScreen;
				INFOPLIST_KEY_UIMainStoryboardFile = Main;
				INFOPLIST_KEY_UISupportedInterfaceOrientations_iPad = "UIInterfaceOrientationPortrait UIInterfaceOrientationPortraitUpsideDown UIInterfaceOrientationLandscapeLeft UIInterfaceOrientationLandscapeRight";
				INFOPLIST_KEY_UISupportedInterfaceOrientations_iPhone = "UIInterfaceOrientationPortrait UIInterfaceOrientationLandscapeLeft UIInterfaceOrientationLandscapeRight";
				IPHONEOS_DEPLOYMENT_TARGET = 13.0;
				LD_RUNPATH_SEARCH_PATHS = (
					"$(inherited)",
					"@executable_path/Frameworks",
				);
				MARKETING_VERSION = 1.0;
				PRODUCT_BUNDLE_IDENTIFIER = kr.yeonpark.Brandi;
				PRODUCT_NAME = "$(TARGET_NAME)";
				SWIFT_EMIT_LOC_STRINGS = YES;
				SWIFT_VERSION = 5.0;
				TARGETED_DEVICE_FAMILY = 1;
			};
			name = Release;
		};
		C2EDD04427EC662200E2EB6B /* Debug */ = {
			isa = XCBuildConfiguration;
			buildSettings = {
				ALWAYS_EMBED_SWIFT_STANDARD_LIBRARIES = YES;
				BUNDLE_LOADER = "$(TEST_HOST)";
				CODE_SIGN_STYLE = Automatic;
				CURRENT_PROJECT_VERSION = 1;
				DEVELOPMENT_TEAM = H3V637RY5A;
				GENERATE_INFOPLIST_FILE = YES;
				IPHONEOS_DEPLOYMENT_TARGET = 15.2;
				MARKETING_VERSION = 1.0;
				PRODUCT_BUNDLE_IDENTIFIER = kr.yeonpark.BrandiTests;
				PRODUCT_NAME = "$(TARGET_NAME)";
				SWIFT_EMIT_LOC_STRINGS = NO;
				SWIFT_VERSION = 5.0;
				TARGETED_DEVICE_FAMILY = "1,2";
				TEST_HOST = "$(BUILT_PRODUCTS_DIR)/Brandi.app/Brandi";
			};
			name = Debug;
		};
		C2EDD04527EC662200E2EB6B /* Release */ = {
			isa = XCBuildConfiguration;
			buildSettings = {
				ALWAYS_EMBED_SWIFT_STANDARD_LIBRARIES = YES;
				BUNDLE_LOADER = "$(TEST_HOST)";
				CODE_SIGN_STYLE = Automatic;
				CURRENT_PROJECT_VERSION = 1;
				DEVELOPMENT_TEAM = H3V637RY5A;
				GENERATE_INFOPLIST_FILE = YES;
				IPHONEOS_DEPLOYMENT_TARGET = 15.2;
				MARKETING_VERSION = 1.0;
				PRODUCT_BUNDLE_IDENTIFIER = kr.yeonpark.BrandiTests;
				PRODUCT_NAME = "$(TARGET_NAME)";
				SWIFT_EMIT_LOC_STRINGS = NO;
				SWIFT_VERSION = 5.0;
				TARGETED_DEVICE_FAMILY = "1,2";
				TEST_HOST = "$(BUILT_PRODUCTS_DIR)/Brandi.app/Brandi";
			};
			name = Release;
		};
		C2EDD04727EC662200E2EB6B /* Debug */ = {
			isa = XCBuildConfiguration;
			buildSettings = {
				ALWAYS_EMBED_SWIFT_STANDARD_LIBRARIES = YES;
				CODE_SIGN_STYLE = Automatic;
				CURRENT_PROJECT_VERSION = 1;
				DEVELOPMENT_TEAM = H3V637RY5A;
				GENERATE_INFOPLIST_FILE = YES;
				MARKETING_VERSION = 1.0;
				PRODUCT_BUNDLE_IDENTIFIER = kr.yeonpark.BrandiUITests;
				PRODUCT_NAME = "$(TARGET_NAME)";
				SWIFT_EMIT_LOC_STRINGS = NO;
				SWIFT_VERSION = 5.0;
				TARGETED_DEVICE_FAMILY = "1,2";
				TEST_TARGET_NAME = Brandi;
			};
			name = Debug;
		};
		C2EDD04827EC662200E2EB6B /* Release */ = {
			isa = XCBuildConfiguration;
			buildSettings = {
				ALWAYS_EMBED_SWIFT_STANDARD_LIBRARIES = YES;
				CODE_SIGN_STYLE = Automatic;
				CURRENT_PROJECT_VERSION = 1;
				DEVELOPMENT_TEAM = H3V637RY5A;
				GENERATE_INFOPLIST_FILE = YES;
				MARKETING_VERSION = 1.0;
				PRODUCT_BUNDLE_IDENTIFIER = kr.yeonpark.BrandiUITests;
				PRODUCT_NAME = "$(TARGET_NAME)";
				SWIFT_EMIT_LOC_STRINGS = NO;
				SWIFT_VERSION = 5.0;
				TARGETED_DEVICE_FAMILY = "1,2";
				TEST_TARGET_NAME = Brandi;
			};
			name = Release;
		};
/* End XCBuildConfiguration section */

/* Begin XCConfigurationList section */
		C2EDD01127EC662100E2EB6B /* Build configuration list for PBXProject "Brandi" */ = {
			isa = XCConfigurationList;
			buildConfigurations = (
				C2EDD03E27EC662200E2EB6B /* Debug */,
				C2EDD03F27EC662200E2EB6B /* Release */,
			);
			defaultConfigurationIsVisible = 0;
			defaultConfigurationName = Release;
		};
		C2EDD04027EC662200E2EB6B /* Build configuration list for PBXNativeTarget "Brandi" */ = {
			isa = XCConfigurationList;
			buildConfigurations = (
				C2EDD04127EC662200E2EB6B /* Debug */,
				C2EDD04227EC662200E2EB6B /* Release */,
			);
			defaultConfigurationIsVisible = 0;
			defaultConfigurationName = Release;
		};
		C2EDD04327EC662200E2EB6B /* Build configuration list for PBXNativeTarget "BrandiTests" */ = {
			isa = XCConfigurationList;
			buildConfigurations = (
				C2EDD04427EC662200E2EB6B /* Debug */,
				C2EDD04527EC662200E2EB6B /* Release */,
			);
			defaultConfigurationIsVisible = 0;
			defaultConfigurationName = Release;
		};
		C2EDD04627EC662200E2EB6B /* Build configuration list for PBXNativeTarget "BrandiUITests" */ = {
			isa = XCConfigurationList;
			buildConfigurations = (
				C2EDD04727EC662200E2EB6B /* Debug */,
				C2EDD04827EC662200E2EB6B /* Release */,
			);
			defaultConfigurationIsVisible = 0;
			defaultConfigurationName = Release;
		};
/* End XCConfigurationList section */
	};
	rootObject = C2EDD00E27EC662100E2EB6B /* Project object */;
}
